
Microsoft Visual Studio Solution File, Format Version 12.00
# Visual Studio Version 17
VisualStudioVersion = 17.0.31912.275
MinimumVisualStudioVersion = 10.0.40219.1
Project("{FAE04EC0-301F-11D3-BF4B-00C04F79EFBC}") = "MonoControls", "MonoControls\MonoControls.csproj", "{24EF630C-F87C-49A4-86A0-750A918CB60A}"
EndProject
Global
	GlobalSection(SolutionConfigurationPlatforms) = preSolution
		Debug|Any CPU = Debug|Any CPU
		Release|Any CPU = Release|Any CPU
	EndGlobalSection
	GlobalSection(ProjectConfigurationPlatforms) = postSolution
		{24EF630C-F87C-49A4-86A0-750A918CB60A}.Debug|Any CPU.ActiveCfg = Debug|Any CPU
		{24EF630C-F87C-49A4-86A0-750A918CB60A}.Debug|Any CPU.Build.0 = Debug|Any CPU
		{24EF630C-F87C-49A4-86A0-750A918CB60A}.Release|Any CPU.ActiveCfg = Release|Any CPU
		{24EF630C-F87C-49A4-86A0-750A918CB60A}.Release|Any CPU.Build.0 = Release|Any CPU
	EndGlobalSection
	GlobalSection(SolutionProperties) = preSolution
		HideSolutionNode = FALSE
	EndGlobalSection
	GlobalSection(ExtensibilityGlobals) = postSolution
		SolutionGuid = {66523C58-6336-41D9-92B6-605217A1A5F8}
	EndGlobalSection
EndGlobal
